
Microsoft Visual Studio Solution File, Format Version 12.00
# Visual Studio Version 17
VisualStudioVersion = 17.3.32825.248
MinimumVisualStudioVersion = 10.0.40219.1
Project("{FAE04EC0-301F-11D3-BF4B-00C04F79EFBC}") = "Controle de Estoque", "Controle de Estoque\Controle de Estoque.csproj", "{2BE9FA38-D876-4D8A-8414-44C3007C8054}"
EndProject
Global
	GlobalSection(SolutionConfigurationPlatforms) = preSolution
		Debug|Any CPU = Debug|Any CPU
		Release|Any CPU = Release|Any CPU
	EndGlobalSection
	GlobalSection(ProjectConfigurationPlatforms) = postSolution
		{2BE9FA38-D876-4D8A-8414-44C3007C8054}.Debug|Any CPU.ActiveCfg = Debug|Any CPU
		{2BE9FA38-D876-4D8A-8414-44C3007C8054}.Debug|Any CPU.Build.0 = Debug|Any CPU
		{2BE9FA38-D876-4D8A-8414-44C3007C8054}.Release|Any CPU.ActiveCfg = Release|Any CPU
		{2BE9FA38-D876-4D8A-8414-44C3007C8054}.Release|Any CPU.Build.0 = Release|Any CPU
	EndGlobalSection
	GlobalSection(SolutionProperties) = preSolution
		HideSolutionNode = FALSE
	EndGlobalSection
	GlobalSection(ExtensibilityGlobals) = postSolution
		SolutionGuid = {7CBD52F1-A511-4875-B5D8-172436A0323A}
	EndGlobalSection
EndGlobal
